// !$*UTF8*$!
{
	archiveVersion = 1;
	classes = {
	};
	objectVersion = 46;
	objects = {

/* Begin PBXBuildFile section */
		33B4BA2F4286A87D96E7ECB5 /* Pods_sample_flowTests.framework in Frameworks */ = {isa = PBXBuildFile; fileRef = AE13A4EDC1E002344D1BC01B /* Pods_sample_flowTests.framework */; };
		405867B9F7A701799FE634E8 /* Pods_sample_flow.framework in Frameworks */ = {isa = PBXBuildFile; fileRef = C7C24F5630977CECB7C548F1 /* Pods_sample_flow.framework */; };
		C1BD60BAE6282DEE69A6D59D /* PersonModel.swift in Sources */ = {isa = PBXBuildFile; fileRef = C1BD6501A99F0BE4A45B67F9 /* PersonModel.swift */; };
		C1BD60D54EFF5315527936F0 /* AppDelegate.swift in Sources */ = {isa = PBXBuildFile; fileRef = C1BD613E4CDEE0FC53E1D10E /* AppDelegate.swift */; };
		C1BD60E3CF82C45774A02835 /* sample_flowTests.swift in Sources */ = {isa = PBXBuildFile; fileRef = C1BD6FD9193CC17B1E86EA98 /* sample_flowTests.swift */; };
		C1BD611CF6A1282A914AA3F0 /* RealmDataManager.swift in Sources */ = {isa = PBXBuildFile; fileRef = C1BD6C1FF028E338AAA8DBF1 /* RealmDataManager.swift */; };
		C1BD62A53393FFAEAAE143E2 /* DataManagerTests.swift in Sources */ = {isa = PBXBuildFile; fileRef = C1BD6E42FBA852314E14A507 /* DataManagerTests.swift */; };
		C1BD62AFF26B79469D5688E6 /* Assets.xcassets in Resources */ = {isa = PBXBuildFile; fileRef = C1BD621DF1E8D028E148AFAC /* Assets.xcassets */; };
		C1BD66DB7E9007787BEBAF47 /* RealmManagedObserver.swift in Sources */ = {isa = PBXBuildFile; fileRef = C1BD6344478CF7BE5744CA59 /* RealmManagedObserver.swift */; };
		C1BD6A5D086CB61310334C95 /* Persistable.swift in Sources */ = {isa = PBXBuildFile; fileRef = C1BD6995CCD7D95AA0D93D23 /* Persistable.swift */; };
		C1BD6B41923AEF8E7C69CC58 /* Person.swift in Sources */ = {isa = PBXBuildFile; fileRef = C1BD6DF42DAC8DBE0671F169 /* Person.swift */; };
		C1BD6BABE043975A255FBE1E /* Geography.swift in Sources */ = {isa = PBXBuildFile; fileRef = C1BD633CD9DF2F3521F95B45 /* Geography.swift */; };
		C1BD6BD272FE3B4A182EB045 /* SceneDelegate.swift in Sources */ = {isa = PBXBuildFile; fileRef = C1BD6068C3FAFC0763491E6E /* SceneDelegate.swift */; };
		C1BD6C98A9511E70B879D618 /* Person+Persistable.swift in Sources */ = {isa = PBXBuildFile; fileRef = C1BD6E66EC9ED9649515CFBE /* Person+Persistable.swift */; };
		C1BD6CB26C144250D476DE6E /* ViewController.swift in Sources */ = {isa = PBXBuildFile; fileRef = C1BD68D84D17C1C232154119 /* ViewController.swift */; };
		C1BD6D067789CD758E817A9C /* LaunchScreen.storyboard in Resources */ = {isa = PBXBuildFile; fileRef = C1BD681CBCAEA7080076311F /* LaunchScreen.storyboard */; };
		C1BD6D633F755ED39DFD8966 /* ManagedObserver.swift in Sources */ = {isa = PBXBuildFile; fileRef = C1BD6F68F6DC06E1E4B1F65C /* ManagedObserver.swift */; };
		C1BD6FD79A8ECD0CC9348FAD /* DataManager.swift in Sources */ = {isa = PBXBuildFile; fileRef = C1BD6EC4DD9CE1E643BAE972 /* DataManager.swift */; };
/* End PBXBuildFile section */

/* Begin PBXContainerItemProxy section */
		C1BD6E4E10DECF8605C32369 /* PBXContainerItemProxy */ = {
			isa = PBXContainerItemProxy;
			containerPortal = C1BD695AB62D03B6702B2940 /* Project object */;
			proxyType = 1;
			remoteGlobalIDString = C1BD6A6BFB3077A663F1A04F;
			remoteInfo = "sample-flow";
		};
/* End PBXContainerItemProxy section */

/* Begin PBXFileReference section */
		319ACB16C06244C6EA189E83 /* Pods-sample-flow.release.xcconfig */ = {isa = PBXFileReference; includeInIndex = 1; lastKnownFileType = text.xcconfig; name = "Pods-sample-flow.release.xcconfig"; path = "Target Support Files/Pods-sample-flow/Pods-sample-flow.release.xcconfig"; sourceTree = "<group>"; };
		31E77DD494D5A21EDBB1EE8D /* Pods-sample-flowTests.debug.xcconfig */ = {isa = PBXFileReference; includeInIndex = 1; lastKnownFileType = text.xcconfig; name = "Pods-sample-flowTests.debug.xcconfig"; path = "Target Support Files/Pods-sample-flowTests/Pods-sample-flowTests.debug.xcconfig"; sourceTree = "<group>"; };
		64E4DD6CA7E2A51D71C4A016 /* Pods-sample-flowTests.release.xcconfig */ = {isa = PBXFileReference; includeInIndex = 1; lastKnownFileType = text.xcconfig; name = "Pods-sample-flowTests.release.xcconfig"; path = "Target Support Files/Pods-sample-flowTests/Pods-sample-flowTests.release.xcconfig"; sourceTree = "<group>"; };
		AE13A4EDC1E002344D1BC01B /* Pods_sample_flowTests.framework */ = {isa = PBXFileReference; explicitFileType = wrapper.framework; includeInIndex = 0; path = Pods_sample_flowTests.framework; sourceTree = BUILT_PRODUCTS_DIR; };
		B5226ACA44515732B0B6096D /* Pods-sample-flow.debug.xcconfig */ = {isa = PBXFileReference; includeInIndex = 1; lastKnownFileType = text.xcconfig; name = "Pods-sample-flow.debug.xcconfig"; path = "Target Support Files/Pods-sample-flow/Pods-sample-flow.debug.xcconfig"; sourceTree = "<group>"; };
		C1BD6068C3FAFC0763491E6E /* SceneDelegate.swift */ = {isa = PBXFileReference; lastKnownFileType = sourcecode.swift; path = SceneDelegate.swift; sourceTree = "<group>"; };
		C1BD613E4CDEE0FC53E1D10E /* AppDelegate.swift */ = {isa = PBXFileReference; lastKnownFileType = sourcecode.swift; path = AppDelegate.swift; sourceTree = "<group>"; };
		C1BD621DF1E8D028E148AFAC /* Assets.xcassets */ = {isa = PBXFileReference; lastKnownFileType = folder.assetcatalog; path = Assets.xcassets; sourceTree = "<group>"; };
		C1BD633CD9DF2F3521F95B45 /* Geography.swift */ = {isa = PBXFileReference; fileEncoding = 4; lastKnownFileType = sourcecode.swift; path = Geography.swift; sourceTree = "<group>"; };
		C1BD6344478CF7BE5744CA59 /* RealmManagedObserver.swift */ = {isa = PBXFileReference; fileEncoding = 4; lastKnownFileType = sourcecode.swift; path = RealmManagedObserver.swift; sourceTree = "<group>"; };
		C1BD63C7468201D68B907E41 /* sample-flow.app */ = {isa = PBXFileReference; explicitFileType = wrapper.application; includeInIndex = 0; path = "sample-flow.app"; sourceTree = BUILT_PRODUCTS_DIR; };
		C1BD6501A99F0BE4A45B67F9 /* PersonModel.swift */ = {isa = PBXFileReference; fileEncoding = 4; lastKnownFileType = sourcecode.swift; path = PersonModel.swift; sourceTree = "<group>"; };
		C1BD68D84D17C1C232154119 /* ViewController.swift */ = {isa = PBXFileReference; lastKnownFileType = sourcecode.swift; path = ViewController.swift; sourceTree = "<group>"; };
		C1BD6995CCD7D95AA0D93D23 /* Persistable.swift */ = {isa = PBXFileReference; fileEncoding = 4; lastKnownFileType = sourcecode.swift; path = Persistable.swift; sourceTree = "<group>"; };
		C1BD69E3942B75CCE21E8A74 /* Info.plist */ = {isa = PBXFileReference; lastKnownFileType = text.plist.info; path = Info.plist; sourceTree = "<group>"; };
		C1BD6C1FF028E338AAA8DBF1 /* RealmDataManager.swift */ = {isa = PBXFileReference; fileEncoding = 4; lastKnownFileType = sourcecode.swift; path = RealmDataManager.swift; sourceTree = "<group>"; };
		C1BD6D666857D29902855C12 /* Info.plist */ = {isa = PBXFileReference; lastKnownFileType = text.plist.info; path = Info.plist; sourceTree = "<group>"; };
		C1BD6DF42DAC8DBE0671F169 /* Person.swift */ = {isa = PBXFileReference; fileEncoding = 4; lastKnownFileType = sourcecode.swift; path = Person.swift; sourceTree = "<group>"; };
		C1BD6E42FBA852314E14A507 /* DataManagerTests.swift */ = {isa = PBXFileReference; fileEncoding = 4; lastKnownFileType = sourcecode.swift; path = DataManagerTests.swift; sourceTree = "<group>"; };
		C1BD6E66EC9ED9649515CFBE /* Person+Persistable.swift */ = {isa = PBXFileReference; fileEncoding = 4; lastKnownFileType = sourcecode.swift; path = "Person+Persistable.swift"; sourceTree = "<group>"; };
		C1BD6EC4DD9CE1E643BAE972 /* DataManager.swift */ = {isa = PBXFileReference; fileEncoding = 4; lastKnownFileType = sourcecode.swift; path = DataManager.swift; sourceTree = "<group>"; };
		C1BD6F68F6DC06E1E4B1F65C /* ManagedObserver.swift */ = {isa = PBXFileReference; fileEncoding = 4; lastKnownFileType = sourcecode.swift; path = ManagedObserver.swift; sourceTree = "<group>"; };
		C1BD6FAEBC52DE46A62C3E6B /* sample-flowTests.xctest */ = {isa = PBXFileReference; explicitFileType = wrapper.cfbundle; includeInIndex = 0; path = "sample-flowTests.xctest"; sourceTree = BUILT_PRODUCTS_DIR; };
		C1BD6FD9193CC17B1E86EA98 /* sample_flowTests.swift */ = {isa = PBXFileReference; lastKnownFileType = sourcecode.swift; path = sample_flowTests.swift; sourceTree = "<group>"; };
		C1BD6FE86190FF55696EFD6C /* Base */ = {isa = PBXFileReference; lastKnownFileType = file.storyboard; name = Base; path = Base.lproj/LaunchScreen.storyboard; sourceTree = "<group>"; };
		C7C24F5630977CECB7C548F1 /* Pods_sample_flow.framework */ = {isa = PBXFileReference; explicitFileType = wrapper.framework; includeInIndex = 0; path = Pods_sample_flow.framework; sourceTree = BUILT_PRODUCTS_DIR; };
/* End PBXFileReference section */

/* Begin PBXFrameworksBuildPhase section */
		C1BD6569C1E2B2167BD70293 /* Frameworks */ = {
			isa = PBXFrameworksBuildPhase;
			buildActionMask = 2147483647;
			files = (
				33B4BA2F4286A87D96E7ECB5 /* Pods_sample_flowTests.framework in Frameworks */,
			);
			runOnlyForDeploymentPostprocessing = 0;
		};
		C1BD670453AFFF90D1CFFBF9 /* Frameworks */ = {
			isa = PBXFrameworksBuildPhase;
			buildActionMask = 2147483647;
			files = (
				405867B9F7A701799FE634E8 /* Pods_sample_flow.framework in Frameworks */,
			);
			runOnlyForDeploymentPostprocessing = 0;
		};
/* End PBXFrameworksBuildPhase section */

/* Begin PBXGroup section */
		1437B16B0B3901760386D92A /* Pods */ = {
			isa = PBXGroup;
			children = (
				B5226ACA44515732B0B6096D /* Pods-sample-flow.debug.xcconfig */,
				319ACB16C06244C6EA189E83 /* Pods-sample-flow.release.xcconfig */,
				31E77DD494D5A21EDBB1EE8D /* Pods-sample-flowTests.debug.xcconfig */,
				64E4DD6CA7E2A51D71C4A016 /* Pods-sample-flowTests.release.xcconfig */,
			);
			name = Pods;
			path = Pods;
			sourceTree = "<group>";
		};
		60640F1D26B6821EA72CA99E /* Frameworks */ = {
			isa = PBXGroup;
			children = (
				C7C24F5630977CECB7C548F1 /* Pods_sample_flow.framework */,
				AE13A4EDC1E002344D1BC01B /* Pods_sample_flowTests.framework */,
			);
			name = Frameworks;
			sourceTree = "<group>";
		};
		C1BD6037B8848B28DE751A15 /* Products */ = {
			isa = PBXGroup;
			children = (
				C1BD63C7468201D68B907E41 /* sample-flow.app */,
				C1BD6FAEBC52DE46A62C3E6B /* sample-flowTests.xctest */,
			);
			name = Products;
			sourceTree = "<group>";
		};
		C1BD62AC281E0EA688E0C6D0 /* Persistence */ = {
			isa = PBXGroup;
			children = (
				C1BD6EC4DD9CE1E643BAE972 /* DataManager.swift */,
				C1BD6C1FF028E338AAA8DBF1 /* RealmDataManager.swift */,
			);
			path = Persistence;
			sourceTree = "<group>";
		};
		C1BD62EF22F11AE48DB2FBC3 /* sample-flowTests */ = {
			isa = PBXGroup;
			children = (
				C1BD69E3942B75CCE21E8A74 /* Info.plist */,
				C1BD6FD9193CC17B1E86EA98 /* sample_flowTests.swift */,
				C1BD6E42FBA852314E14A507 /* DataManagerTests.swift */,
			);
			path = "sample-flowTests";
			sourceTree = "<group>";
		};
		C1BD638FE1A30D5B6395B291 /* Models */ = {
			isa = PBXGroup;
			children = (
				C1BD6501A99F0BE4A45B67F9 /* PersonModel.swift */,
			);
			path = Models;
			sourceTree = "<group>";
		};
		C1BD66956FF86F182603FA7D /* PersistableExtensions */ = {
			isa = PBXGroup;
			children = (
				C1BD6995CCD7D95AA0D93D23 /* Persistable.swift */,
				C1BD6E66EC9ED9649515CFBE /* Person+Persistable.swift */,
			);
			path = PersistableExtensions;
			sourceTree = "<group>";
		};
		C1BD6BF682284B381DD3C45D /* Observation */ = {
			isa = PBXGroup;
			children = (
				C1BD6F68F6DC06E1E4B1F65C /* ManagedObserver.swift */,
				C1BD6344478CF7BE5744CA59 /* RealmManagedObserver.swift */,
			);
			path = Observation;
			sourceTree = "<group>";
		};
		C1BD6CDE2D6B1F427751B5BD /* NetworkModels */ = {
			isa = PBXGroup;
			children = (
				C1BD6DF42DAC8DBE0671F169 /* Person.swift */,
				C1BD633CD9DF2F3521F95B45 /* Geography.swift */,
				C1BD66956FF86F182603FA7D /* PersistableExtensions */,
			);
			path = NetworkModels;
			sourceTree = "<group>";
		};
		C1BD6F90647FD19583B8EDB8 /* sample-flow */ = {
			isa = PBXGroup;
			children = (
				C1BD6D666857D29902855C12 /* Info.plist */,
				C1BD621DF1E8D028E148AFAC /* Assets.xcassets */,
				C1BD681CBCAEA7080076311F /* LaunchScreen.storyboard */,
				C1BD613E4CDEE0FC53E1D10E /* AppDelegate.swift */,
				C1BD6068C3FAFC0763491E6E /* SceneDelegate.swift */,
				C1BD68D84D17C1C232154119 /* ViewController.swift */,
				C1BD6CDE2D6B1F427751B5BD /* NetworkModels */,
				C1BD638FE1A30D5B6395B291 /* Models */,
				C1BD62AC281E0EA688E0C6D0 /* Persistence */,
				C1BD6BF682284B381DD3C45D /* Observation */,
			);
			path = "sample-flow";
			sourceTree = "<group>";
		};
		C1BD6F9564D092CB9A2BEAA0 = {
			isa = PBXGroup;
			children = (
				C1BD6037B8848B28DE751A15 /* Products */,
				C1BD6F90647FD19583B8EDB8 /* sample-flow */,
				C1BD62EF22F11AE48DB2FBC3 /* sample-flowTests */,
				1437B16B0B3901760386D92A /* Pods */,
				60640F1D26B6821EA72CA99E /* Frameworks */,
			);
			sourceTree = "<group>";
		};
/* End PBXGroup section */

/* Begin PBXNativeTarget section */
		C1BD61D81D581A154E78BF1C /* sample-flowTests */ = {
			isa = PBXNativeTarget;
			buildConfigurationList = C1BD6F7B059799516E8D86D8 /* Build configuration list for PBXNativeTarget "sample-flowTests" */;
			buildPhases = (
				C02B7B879E3B0CF24CBECEC0 /* [CP] Check Pods Manifest.lock */,
				C1BD6374B68F7A2C689BBCA2 /* Sources */,
				C1BD6569C1E2B2167BD70293 /* Frameworks */,
				C1BD6D4D373F6B11060C0F0B /* Resources */,
			);
			buildRules = (
			);
			dependencies = (
				C1BD6B0837569EA118DDCCAD /* PBXTargetDependency */,
			);
			name = "sample-flowTests";
			productName = "sample-flowTests";
			productReference = C1BD6FAEBC52DE46A62C3E6B /* sample-flowTests.xctest */;
			productType = "com.apple.product-type.bundle.unit-test";
		};
		C1BD6A6BFB3077A663F1A04F /* sample-flow */ = {
			isa = PBXNativeTarget;
			buildConfigurationList = C1BD6A9CB7F2A363F612B6E1 /* Build configuration list for PBXNativeTarget "sample-flow" */;
			buildPhases = (
				4B74FB9EC3D9A7FF93E0F799 /* [CP] Check Pods Manifest.lock */,
				C1BD611BF0813A5609C520DA /* Sources */,
				C1BD670453AFFF90D1CFFBF9 /* Frameworks */,
				C1BD622AD2AB86109AEB3E66 /* Resources */,
				AC8BB255DF2087D9F587C49B /* [CP] Embed Pods Frameworks */,
			);
			buildRules = (
			);
			dependencies = (
			);
			name = "sample-flow";
			productName = "sample-flow";
			productReference = C1BD63C7468201D68B907E41 /* sample-flow.app */;
			productType = "com.apple.product-type.application";
		};
/* End PBXNativeTarget section */

/* Begin PBXProject section */
		C1BD695AB62D03B6702B2940 /* Project object */ = {
			isa = PBXProject;
			attributes = {
				ORGANIZATIONNAME = "___FULLUSERNAME___";
			};
			buildConfigurationList = C1BD6F15B2F858C3CE028173 /* Build configuration list for PBXProject "sample-flow" */;
			compatibilityVersion = "Xcode 3.2";
			developmentRegion = English;
			hasScannedForEncodings = 0;
			knownRegions = (
				English,
				en,
				Base,
			);
			mainGroup = C1BD6F9564D092CB9A2BEAA0;
			productRefGroup = C1BD6037B8848B28DE751A15 /* Products */;
			projectDirPath = "";
			projectRoot = "";
			targets = (
				C1BD6A6BFB3077A663F1A04F /* sample-flow */,
				C1BD61D81D581A154E78BF1C /* sample-flowTests */,
			);
		};
/* End PBXProject section */

/* Begin PBXResourcesBuildPhase section */
		C1BD622AD2AB86109AEB3E66 /* Resources */ = {
			isa = PBXResourcesBuildPhase;
			buildActionMask = 2147483647;
			files = (
				C1BD62AFF26B79469D5688E6 /* Assets.xcassets in Resources */,
				C1BD6D067789CD758E817A9C /* LaunchScreen.storyboard in Resources */,
			);
			runOnlyForDeploymentPostprocessing = 0;
		};
		C1BD6D4D373F6B11060C0F0B /* Resources */ = {
			isa = PBXResourcesBuildPhase;
			buildActionMask = 2147483647;
			files = (
			);
			runOnlyForDeploymentPostprocessing = 0;
		};
/* End PBXResourcesBuildPhase section */

/* Begin PBXShellScriptBuildPhase section */
		4B74FB9EC3D9A7FF93E0F799 /* [CP] Check Pods Manifest.lock */ = {
			isa = PBXShellScriptBuildPhase;
			buildActionMask = 2147483647;
			files = (
			);
			inputFileListPaths = (
			);
			inputPaths = (
				"${PODS_PODFILE_DIR_PATH}/Podfile.lock",
				"${PODS_ROOT}/Manifest.lock",
			);
			name = "[CP] Check Pods Manifest.lock";
			outputFileListPaths = (
			);
			outputPaths = (
				"$(DERIVED_FILE_DIR)/Pods-sample-flow-checkManifestLockResult.txt",
			);
			runOnlyForDeploymentPostprocessing = 0;
			shellPath = /bin/sh;
			shellScript = "diff \"${PODS_PODFILE_DIR_PATH}/Podfile.lock\" \"${PODS_ROOT}/Manifest.lock\" > /dev/null\nif [ $? != 0 ] ; then\n    # print error to STDERR\n    echo \"error: The sandbox is not in sync with the Podfile.lock. Run 'pod install' or update your CocoaPods installation.\" >&2\n    exit 1\nfi\n# This output is used by Xcode 'outputs' to avoid re-running this script phase.\necho \"SUCCESS\" > \"${SCRIPT_OUTPUT_FILE_0}\"\n";
			showEnvVarsInLog = 0;
		};
		AC8BB255DF2087D9F587C49B /* [CP] Embed Pods Frameworks */ = {
			isa = PBXShellScriptBuildPhase;
			buildActionMask = 2147483647;
			files = (
			);
			inputPaths = (
				"${PODS_ROOT}/Target Support Files/Pods-sample-flow/Pods-sample-flow-frameworks.sh",
				"${BUILT_PRODUCTS_DIR}/Realm/Realm.framework",
				"${BUILT_PRODUCTS_DIR}/RealmSwift/RealmSwift.framework",
			);
			name = "[CP] Embed Pods Frameworks";
			outputPaths = (
				"${TARGET_BUILD_DIR}/${FRAMEWORKS_FOLDER_PATH}/Realm.framework",
				"${TARGET_BUILD_DIR}/${FRAMEWORKS_FOLDER_PATH}/RealmSwift.framework",
			);
			runOnlyForDeploymentPostprocessing = 0;
			shellPath = /bin/sh;
			shellScript = "\"${PODS_ROOT}/Target Support Files/Pods-sample-flow/Pods-sample-flow-frameworks.sh\"\n";
			showEnvVarsInLog = 0;
		};
		C02B7B879E3B0CF24CBECEC0 /* [CP] Check Pods Manifest.lock */ = {
			isa = PBXShellScriptBuildPhase;
			buildActionMask = 2147483647;
			files = (
			);
			inputFileListPaths = (
			);
			inputPaths = (
				"${PODS_PODFILE_DIR_PATH}/Podfile.lock",
				"${PODS_ROOT}/Manifest.lock",
			);
			name = "[CP] Check Pods Manifest.lock";
			outputFileListPaths = (
			);
			outputPaths = (
				"$(DERIVED_FILE_DIR)/Pods-sample-flowTests-checkManifestLockResult.txt",
			);
			runOnlyForDeploymentPostprocessing = 0;
			shellPath = /bin/sh;
			shellScript = "diff \"${PODS_PODFILE_DIR_PATH}/Podfile.lock\" \"${PODS_ROOT}/Manifest.lock\" > /dev/null\nif [ $? != 0 ] ; then\n    # print error to STDERR\n    echo \"error: The sandbox is not in sync with the Podfile.lock. Run 'pod install' or update your CocoaPods installation.\" >&2\n    exit 1\nfi\n# This output is used by Xcode 'outputs' to avoid re-running this script phase.\necho \"SUCCESS\" > \"${SCRIPT_OUTPUT_FILE_0}\"\n";
			showEnvVarsInLog = 0;
		};
/* End PBXShellScriptBuildPhase section */

/* Begin PBXSourcesBuildPhase section */
		C1BD611BF0813A5609C520DA /* Sources */ = {
			isa = PBXSourcesBuildPhase;
			buildActionMask = 2147483647;
			files = (
				C1BD60D54EFF5315527936F0 /* AppDelegate.swift in Sources */,
				C1BD6BD272FE3B4A182EB045 /* SceneDelegate.swift in Sources */,
				C1BD6CB26C144250D476DE6E /* ViewController.swift in Sources */,
				C1BD6B41923AEF8E7C69CC58 /* Person.swift in Sources */,
				C1BD6BABE043975A255FBE1E /* Geography.swift in Sources */,
				C1BD60BAE6282DEE69A6D59D /* PersonModel.swift in Sources */,
				C1BD6A5D086CB61310334C95 /* Persistable.swift in Sources */,
				C1BD6C98A9511E70B879D618 /* Person+Persistable.swift in Sources */,
				C1BD6FD79A8ECD0CC9348FAD /* DataManager.swift in Sources */,
				C1BD611CF6A1282A914AA3F0 /* RealmDataManager.swift in Sources */,
				C1BD62A53393FFAEAAE143E2 /* DataManagerTests.swift in Sources */,
				C1BD6D633F755ED39DFD8966 /* ManagedObserver.swift in Sources */,
				C1BD66DB7E9007787BEBAF47 /* RealmManagedObserver.swift in Sources */,
			);
			runOnlyForDeploymentPostprocessing = 0;
		};
		C1BD6374B68F7A2C689BBCA2 /* Sources */ = {
			isa = PBXSourcesBuildPhase;
			buildActionMask = 2147483647;
			files = (
				C1BD60E3CF82C45774A02835 /* sample_flowTests.swift in Sources */,
			);
			runOnlyForDeploymentPostprocessing = 0;
		};
/* End PBXSourcesBuildPhase section */

/* Begin PBXTargetDependency section */
		C1BD6B0837569EA118DDCCAD /* PBXTargetDependency */ = {
			isa = PBXTargetDependency;
			target = C1BD6A6BFB3077A663F1A04F /* sample-flow */;
			targetProxy = C1BD6E4E10DECF8605C32369 /* PBXContainerItemProxy */;
		};
/* End PBXTargetDependency section */

/* Begin PBXVariantGroup section */
		C1BD681CBCAEA7080076311F /* LaunchScreen.storyboard */ = {
			isa = PBXVariantGroup;
			children = (
				C1BD6FE86190FF55696EFD6C /* Base */,
			);
			name = LaunchScreen.storyboard;
			sourceTree = "<group>";
		};
/* End PBXVariantGroup section */

/* Begin XCBuildConfiguration section */
		C1BD64E924E1BEE825625FFF /* Debug */ = {
			isa = XCBuildConfiguration;
			baseConfigurationReference = 31E77DD494D5A21EDBB1EE8D /* Pods-sample-flowTests.debug.xcconfig */;
			buildSettings = {
				BUNDLE_LOADER = "$(BUILT_PRODUCTS_DIR)/sample-flow.app/sample-flow";
				INFOPLIST_FILE = "sample-flowTests/Info.plist";
				LD_RUNPATH_SEARCH_PATHS = "$(inherited) @executable_path/Frameworks @loader_path/Frameworks";
				PRODUCT_BUNDLE_IDENTIFIER = "com.soundsmitten.sample-flowTests";
				PRODUCT_NAME = "$(TARGET_NAME)";
				SWIFT_VERSION = 5.0;
				TARGETED_DEVICE_FAMILY = "1,2";
				TEST_HOST = "$(BUNDLE_LOADER)";
			};
			name = Debug;
		};
		C1BD651DB293E1A8F62AD7FE /* Debug */ = {
			isa = XCBuildConfiguration;
			baseConfigurationReference = B5226ACA44515732B0B6096D /* Pods-sample-flow.debug.xcconfig */;
			buildSettings = {
				ASSETCATALOG_COMPILER_APPICON_NAME = AppIcon;
				INFOPLIST_FILE = "sample-flow/Info.plist";
				LD_RUNPATH_SEARCH_PATHS = "$(inherited) @executable_path/Frameworks";
				PRODUCT_BUNDLE_IDENTIFIER = "com.soundsmitten.sample-flow";
				PRODUCT_NAME = "$(TARGET_NAME)";
				SWIFT_VERSION = 5.0;
				TARGETED_DEVICE_FAMILY = "1,2";
			};
			name = Debug;
		};
		C1BD655E3B7F807AFB21EE68 /* Release */ = {
			isa = XCBuildConfiguration;
			baseConfigurationReference = 319ACB16C06244C6EA189E83 /* Pods-sample-flow.release.xcconfig */;
			buildSettings = {
				ASSETCATALOG_COMPILER_APPICON_NAME = AppIcon;
				INFOPLIST_FILE = "sample-flow/Info.plist";
				LD_RUNPATH_SEARCH_PATHS = "$(inherited) @executable_path/Frameworks";
				PRODUCT_BUNDLE_IDENTIFIER = "com.soundsmitten.sample-flow";
				PRODUCT_NAME = "$(TARGET_NAME)";
				SWIFT_VERSION = 5.0;
				TARGETED_DEVICE_FAMILY = "1,2";
			};
			name = Release;
		};
		C1BD65FB710E81422915ED0D /* Debug */ = {
			isa = XCBuildConfiguration;
			buildSettings = {
				ALWAYS_SEARCH_USER_PATHS = NO;
				CLANG_ANALYZER_NONNULL = YES;
				CLANG_ANALYZER_NUMBER_OBJECT_CONVERSION = YES_AGGRESSIVE;
				CLANG_CXX_LANGUAGE_STANDARD = "gnu++14";
				CLANG_CXX_LIBRARY = "libc++";
				CLANG_ENABLE_MODULES = YES;
				CLANG_ENABLE_OBJC_ARC = YES;
				CLANG_ENABLE_OBJC_WEAK = YES;
				CLANG_WARN_BLOCK_CAPTURE_AUTORELEASING = YES;
				CLANG_WARN_BOOL_CONVERSION = YES;
				CLANG_WARN_COMMA = YES;
				CLANG_WARN_CONSTANT_CONVERSION = YES;
				CLANG_WARN_DEPRECATED_OBJC_IMPLEMENTATIONS = YES;
				CLANG_WARN_DIRECT_OBJC_ISA_USAGE = YES_ERROR;
				CLANG_WARN_DOCUMENTATION_COMMENTS = YES;
				CLANG_WARN_EMPTY_BODY = YES;
				CLANG_WARN_ENUM_CONVERSION = YES;
				CLANG_WARN_INFINITE_RECURSION = YES;
				CLANG_WARN_INT_CONVERSION = YES;
				CLANG_WARN_NON_LITERAL_NULL_CONVERSION = YES;
				CLANG_WARN_OBJC_IMPLICIT_RETAIN_SELF = YES;
				CLANG_WARN_OBJC_LITERAL_CONVERSION = YES;
				CLANG_WARN_OBJC_ROOT_CLASS = YES_ERROR;
				CLANG_WARN_RANGE_LOOP_ANALYSIS = YES;
				CLANG_WARN_STRICT_PROTOTYPES = YES;
				CLANG_WARN_SUSPICIOUS_MOVE = YES;
				CLANG_WARN_UNGUARDED_AVAILABILITY = YES_AGGRESSIVE;
				CLANG_WARN_UNREACHABLE_CODE = YES;
				CLANG_WARN__DUPLICATE_METHOD_MATCH = YES;
				COPY_PHASE_STRIP = NO;
				DEBUG_INFORMATION_FORMAT = dwarf;
				ENABLE_STRICT_OBJC_MSGSEND = YES;
				ENABLE_TESTABILITY = YES;
				GCC_C_LANGUAGE_STANDARD = gnu11;
				GCC_DYNAMIC_NO_PIC = NO;
				GCC_NO_COMMON_BLOCKS = YES;
				GCC_OPTIMIZATION_LEVEL = 0;
				GCC_PREPROCESSOR_DEFINITIONS = (
					"DEBUG=1",
					"$(inherited)",
				);
				GCC_WARN_64_TO_32_BIT_CONVERSION = YES;
				GCC_WARN_ABOUT_RETURN_TYPE = YES_ERROR;
				GCC_WARN_UNDECLARED_SELECTOR = YES;
				GCC_WARN_UNINITIALIZED_AUTOS = YES_AGGRESSIVE;
				GCC_WARN_UNUSED_FUNCTION = YES;
				GCC_WARN_UNUSED_VARIABLE = YES;
				IPHONEOS_DEPLOYMENT_TARGET = 13.4;
				MTL_ENABLE_DEBUG_INFO = INCLUDE_SOURCE;
				MTL_FAST_MATH = YES;
				ONLY_ACTIVE_ARCH = YES;
				SDKROOT = iphoneos;
				SWIFT_ACTIVE_COMPILATION_CONDITIONS = DEBUG;
				SWIFT_OPTIMIZATION_LEVEL = "-Onone";
			};
			name = Debug;
		};
		C1BD66D9E030A1B1DCC56D36 /* Release */ = {
			isa = XCBuildConfiguration;
			baseConfigurationReference = 64E4DD6CA7E2A51D71C4A016 /* Pods-sample-flowTests.release.xcconfig */;
			buildSettings = {
				BUNDLE_LOADER = "$(BUILT_PRODUCTS_DIR)/sample-flow.app/sample-flow";
				INFOPLIST_FILE = "sample-flowTests/Info.plist";
				LD_RUNPATH_SEARCH_PATHS = "$(inherited) @executable_path/Frameworks @loader_path/Frameworks";
				PRODUCT_BUNDLE_IDENTIFIER = "com.soundsmitten.sample-flowTests";
				PRODUCT_NAME = "$(TARGET_NAME)";
				SWIFT_VERSION = 5.0;
				TARGETED_DEVICE_FAMILY = "1,2";
				TEST_HOST = "$(BUNDLE_LOADER)";
			};
			name = Release;
		};
		C1BD68695EFE7A608CFE9E66 /* Release */ = {
			isa = XCBuildConfiguration;
			buildSettings = {
				ALWAYS_SEARCH_USER_PATHS = NO;
				CLANG_ANALYZER_NONNULL = YES;
				CLANG_ANALYZER_NUMBER_OBJECT_CONVERSION = YES_AGGRESSIVE;
				CLANG_CXX_LANGUAGE_STANDARD = "gnu++14";
				CLANG_CXX_LIBRARY = "libc++";
				CLANG_ENABLE_MODULES = YES;
				CLANG_ENABLE_OBJC_ARC = YES;
				CLANG_ENABLE_OBJC_WEAK = YES;
				CLANG_WARN_BLOCK_CAPTURE_AUTORELEASING = YES;
				CLANG_WARN_BOOL_CONVERSION = YES;
				CLANG_WARN_COMMA = YES;
				CLANG_WARN_CONSTANT_CONVERSION = YES;
				CLANG_WARN_DEPRECATED_OBJC_IMPLEMENTATIONS = YES;
				CLANG_WARN_DIRECT_OBJC_ISA_USAGE = YES_ERROR;
				CLANG_WARN_DOCUMENTATION_COMMENTS = YES;
				CLANG_WARN_EMPTY_BODY = YES;
				CLANG_WARN_ENUM_CONVERSION = YES;
				CLANG_WARN_INFINITE_RECURSION = YES;
				CLANG_WARN_INT_CONVERSION = YES;
				CLANG_WARN_NON_LITERAL_NULL_CONVERSION = YES;
				CLANG_WARN_OBJC_IMPLICIT_RETAIN_SELF = YES;
				CLANG_WARN_OBJC_LITERAL_CONVERSION = YES;
				CLANG_WARN_OBJC_ROOT_CLASS = YES_ERROR;
				CLANG_WARN_RANGE_LOOP_ANALYSIS = YES;
				CLANG_WARN_STRICT_PROTOTYPES = YES;
				CLANG_WARN_SUSPICIOUS_MOVE = YES;
				CLANG_WARN_UNGUARDED_AVAILABILITY = YES_AGGRESSIVE;
				CLANG_WARN_UNREACHABLE_CODE = YES;
				CLANG_WARN__DUPLICATE_METHOD_MATCH = YES;
				COPY_PHASE_STRIP = NO;
				DEBUG_INFORMATION_FORMAT = "dwarf-with-dsym";
				ENABLE_NS_ASSERTIONS = NO;
				ENABLE_STRICT_OBJC_MSGSEND = YES;
				GCC_C_LANGUAGE_STANDARD = gnu11;
				GCC_NO_COMMON_BLOCKS = YES;
				GCC_WARN_64_TO_32_BIT_CONVERSION = YES;
				GCC_WARN_ABOUT_RETURN_TYPE = YES_ERROR;
				GCC_WARN_UNDECLARED_SELECTOR = YES;
				GCC_WARN_UNINITIALIZED_AUTOS = YES_AGGRESSIVE;
				GCC_WARN_UNUSED_FUNCTION = YES;
				GCC_WARN_UNUSED_VARIABLE = YES;
				IPHONEOS_DEPLOYMENT_TARGET = 13.4;
				MTL_ENABLE_DEBUG_INFO = NO;
				MTL_FAST_MATH = YES;
				SDKROOT = iphoneos;
				SWIFT_OPTIMIZATION_LEVEL = "-Owholemodule";
				VALIDATE_PRODUCT = YES;
			};
			name = Release;
		};
/* End XCBuildConfiguration section */

/* Begin XCConfigurationList section */
		C1BD6A9CB7F2A363F612B6E1 /* Build configuration list for PBXNativeTarget "sample-flow" */ = {
			isa = XCConfigurationList;
			buildConfigurations = (
				C1BD651DB293E1A8F62AD7FE /* Debug */,
				C1BD655E3B7F807AFB21EE68 /* Release */,
			);
			defaultConfigurationIsVisible = 0;
			defaultConfigurationName = Release;
		};
		C1BD6F15B2F858C3CE028173 /* Build configuration list for PBXProject "sample-flow" */ = {
			isa = XCConfigurationList;
			buildConfigurations = (
				C1BD65FB710E81422915ED0D /* Debug */,
				C1BD68695EFE7A608CFE9E66 /* Release */,
			);
			defaultConfigurationIsVisible = 0;
			defaultConfigurationName = Release;
		};
		C1BD6F7B059799516E8D86D8 /* Build configuration list for PBXNativeTarget "sample-flowTests" */ = {
			isa = XCConfigurationList;
			buildConfigurations = (
				C1BD64E924E1BEE825625FFF /* Debug */,
				C1BD66D9E030A1B1DCC56D36 /* Release */,
			);
			defaultConfigurationIsVisible = 0;
			defaultConfigurationName = Release;
		};
/* End XCConfigurationList section */
	};
	rootObject = C1BD695AB62D03B6702B2940 /* Project object */;
}
